
Microsoft Visual Studio Solution File, Format Version 12.00
# Visual Studio Version 17
VisualStudioVersion = 17.12.35506.116 d17.12
MinimumVisualStudioVersion = 10.0.40219.1
Project("{FAE04EC0-301F-11D3-BF4B-00C04F79EFBC}") = "XmlDemo", "XmlDemo\XmlDemo.csproj", "{F92AA060-B4D8-4F01-B282-08FC7F7110CC}"
EndProject
Global
	GlobalSection(SolutionConfigurationPlatforms) = preSolution
		Debug|Any CPU = Debug|Any CPU
		Release|Any CPU = Release|Any CPU
	EndGlobalSection
	GlobalSection(ProjectConfigurationPlatforms) = postSolution
		{F92AA060-B4D8-4F01-B282-08FC7F7110CC}.Debug|Any CPU.ActiveCfg = Debug|Any CPU
		{F92AA060-B4D8-4F01-B282-08FC7F7110CC}.Debug|Any CPU.Build.0 = Debug|Any CPU
		{F92AA060-B4D8-4F01-B282-08FC7F7110CC}.Release|Any CPU.ActiveCfg = Release|Any CPU
		{F92AA060-B4D8-4F01-B282-08FC7F7110CC}.Release|Any CPU.Build.0 = Release|Any CPU
	EndGlobalSection
	GlobalSection(SolutionProperties) = preSolution
		HideSolutionNode = FALSE
	EndGlobalSection
EndGlobal
