
Microsoft Visual Studio Solution File, Format Version 12.00
# Visual Studio Version 17
VisualStudioVersion = 17.12.35506.116 d17.12
MinimumVisualStudioVersion = 10.0.40219.1
Project("{FAE04EC0-301F-11D3-BF4B-00C04F79EFBC}") = "LINQExamples_1", "LINQExamples_1\LINQExamples_1.csproj", "{1D3E6FE5-8A30-4CC2-80E3-B22E6E12981A}"
EndProject
Global
	GlobalSection(SolutionConfigurationPlatforms) = preSolution
		Debug|Any CPU = Debug|Any CPU
		Release|Any CPU = Release|Any CPU
	EndGlobalSection
	GlobalSection(ProjectConfigurationPlatforms) = postSolution
		{1D3E6FE5-8A30-4CC2-80E3-B22E6E12981A}.Debug|Any CPU.ActiveCfg = Debug|Any CPU
		{1D3E6FE5-8A30-4CC2-80E3-B22E6E12981A}.Debug|Any CPU.Build.0 = Debug|Any CPU
		{1D3E6FE5-8A30-4CC2-80E3-B22E6E12981A}.Release|Any CPU.ActiveCfg = Release|Any CPU
		{1D3E6FE5-8A30-4CC2-80E3-B22E6E12981A}.Release|Any CPU.Build.0 = Release|Any CPU
	EndGlobalSection
	GlobalSection(SolutionProperties) = preSolution
		HideSolutionNode = FALSE
	EndGlobalSection
EndGlobal
